
Microsoft Visual Studio Solution File, Format Version 12.00
# Visual Studio Version 16
VisualStudioVersion = 16.0.31702.278
MinimumVisualStudioVersion = 10.0.40219.1
Project("{FAE04EC0-301F-11D3-BF4B-00C04F79EFBC}") = "ListName", "ListName.csproj", "{21AB4E74-4FDB-4F03-84A7-09CEAEAE7816}"
EndProject
Global
	GlobalSection(SolutionConfigurationPlatforms) = preSolution
		Debug|Any CPU = Debug|Any CPU
		Release|Any CPU = Release|Any CPU
	EndGlobalSection
	GlobalSection(ProjectConfigurationPlatforms) = postSolution
		{21AB4E74-4FDB-4F03-84A7-09CEAEAE7816}.Debug|Any CPU.ActiveCfg = Debug|Any CPU
		{21AB4E74-4FDB-4F03-84A7-09CEAEAE7816}.Debug|Any CPU.Build.0 = Debug|Any CPU
		{21AB4E74-4FDB-4F03-84A7-09CEAEAE7816}.Release|Any CPU.ActiveCfg = Release|Any CPU
		{21AB4E74-4FDB-4F03-84A7-09CEAEAE7816}.Release|Any CPU.Build.0 = Release|Any CPU
	EndGlobalSection
	GlobalSection(SolutionProperties) = preSolution
		HideSolutionNode = FALSE
	EndGlobalSection
	GlobalSection(ExtensibilityGlobals) = postSolution
		SolutionGuid = {B9EC0976-515C-47D5-B98D-6EB96E113C65}
	EndGlobalSection
EndGlobal
